
Microsoft Visual Studio Solution File, Format Version 12.00
# Visual Studio 14
VisualStudioVersion = 14.0.25420.1
MinimumVisualStudioVersion = 10.0.40219.1
Project("{FAE04EC0-301F-11D3-BF4B-00C04F79EFBC}") = "演習２", "演習２\演習２.csproj", "{C0457973-6306-4232-BD0D-8DDB1084F5CD}"
EndProject
Global
	GlobalSection(SolutionConfigurationPlatforms) = preSolution
		Debug|Any CPU = Debug|Any CPU
		Release|Any CPU = Release|Any CPU
	EndGlobalSection
	GlobalSection(ProjectConfigurationPlatforms) = postSolution
		{C0457973-6306-4232-BD0D-8DDB1084F5CD}.Debug|Any CPU.ActiveCfg = Debug|Any CPU
		{C0457973-6306-4232-BD0D-8DDB1084F5CD}.Debug|Any CPU.Build.0 = Debug|Any CPU
		{C0457973-6306-4232-BD0D-8DDB1084F5CD}.Release|Any CPU.ActiveCfg = Release|Any CPU
		{C0457973-6306-4232-BD0D-8DDB1084F5CD}.Release|Any CPU.Build.0 = Release|Any CPU
	EndGlobalSection
	GlobalSection(SolutionProperties) = preSolution
		HideSolutionNode = FALSE
	EndGlobalSection
EndGlobal
